
Microsoft Visual Studio Solution File, Format Version 12.00
# Visual Studio Version 16
VisualStudioVersion = 25.0.1703.6
MinimumVisualStudioVersion = 10.0.40219.1
Project("{FAE04EC0-301F-11D3-BF4B-00C04F79EFBC}") = "RefOutAnotherExercises", "RefOutAnotherExercises\RefOutAnotherExercises.csproj", "{F795C2BD-D737-4EB6-B4F6-89B46A540D59}"
EndProject
Global
	GlobalSection(SolutionConfigurationPlatforms) = preSolution
		Debug|Any CPU = Debug|Any CPU
		Release|Any CPU = Release|Any CPU
	EndGlobalSection
	GlobalSection(ProjectConfigurationPlatforms) = postSolution
		{F795C2BD-D737-4EB6-B4F6-89B46A540D59}.Debug|Any CPU.ActiveCfg = Debug|Any CPU
		{F795C2BD-D737-4EB6-B4F6-89B46A540D59}.Debug|Any CPU.Build.0 = Debug|Any CPU
		{F795C2BD-D737-4EB6-B4F6-89B46A540D59}.Release|Any CPU.ActiveCfg = Release|Any CPU
		{F795C2BD-D737-4EB6-B4F6-89B46A540D59}.Release|Any CPU.Build.0 = Release|Any CPU
	EndGlobalSection
	GlobalSection(SolutionProperties) = preSolution
		HideSolutionNode = FALSE
	EndGlobalSection
	GlobalSection(ExtensibilityGlobals) = postSolution
		SolutionGuid = {D5A0888D-23DA-4DA4-9F8B-50D6544A71CD}
	EndGlobalSection
EndGlobal
